plugins:
- name: NFive/plugin-time
  version: 1.0.0
  description: Synchronize game time between the server and clients
  author: NFive
  license: LGPL-3.0-or-later
  server:
    main:
    - NFive.Time.Server
    include:
    - NFive.Time.Shared
  client:
    main:
    - NFive.Time.Client
    include:
    - NFive.Time.Shared
